
Microsoft Visual Studio Solution File, Format Version 12.00
# Visual Studio Version 17
VisualStudioVersion = 17.7.34221.43
MinimumVisualStudioVersion = 10.0.40219.1
Project("{F184B08F-C81C-45F6-A57F-5ABD9991F28F}") = "WinForms_Oracle_CRUD", "WinForms_Oracle_CRUD\WinForms_Oracle_CRUD.vbproj", "{C3120666-8E40-4A15-9970-9B2CE7F55126}"
EndProject
Global
	GlobalSection(SolutionConfigurationPlatforms) = preSolution
		Debug|Any CPU = Debug|Any CPU
		Release|Any CPU = Release|Any CPU
	EndGlobalSection
	GlobalSection(ProjectConfigurationPlatforms) = postSolution
		{C3120666-8E40-4A15-9970-9B2CE7F55126}.Debug|Any CPU.ActiveCfg = Debug|Any CPU
		{C3120666-8E40-4A15-9970-9B2CE7F55126}.Debug|Any CPU.Build.0 = Debug|Any CPU
		{C3120666-8E40-4A15-9970-9B2CE7F55126}.Release|Any CPU.ActiveCfg = Release|Any CPU
		{C3120666-8E40-4A15-9970-9B2CE7F55126}.Release|Any CPU.Build.0 = Release|Any CPU
	EndGlobalSection
	GlobalSection(SolutionProperties) = preSolution
		HideSolutionNode = FALSE
	EndGlobalSection
	GlobalSection(ExtensibilityGlobals) = postSolution
		SolutionGuid = {908A9920-228D-403C-92FE-773CB0C61715}
	EndGlobalSection
EndGlobal
